
Microsoft Visual Studio Solution File, Format Version 11.00
# Visual Studio 2010
Project("{FAE04EC0-301F-11D3-BF4B-00C04F79EFBC}") = "RegionCapture", "RegionCapture\RegionCapture.csproj", "{84E22E87-554F-4963-8B69-FBDE1780FBEE}"
EndProject
Global
	GlobalSection(SolutionConfigurationPlatforms) = preSolution
		Debug|x86 = Debug|x86
		Release|x86 = Release|x86
	EndGlobalSection
	GlobalSection(ProjectConfigurationPlatforms) = postSolution
		{84E22E87-554F-4963-8B69-FBDE1780FBEE}.Debug|x86.ActiveCfg = Debug|x86
		{84E22E87-554F-4963-8B69-FBDE1780FBEE}.Debug|x86.Build.0 = Debug|x86
		{84E22E87-554F-4963-8B69-FBDE1780FBEE}.Release|x86.ActiveCfg = Release|x86
		{84E22E87-554F-4963-8B69-FBDE1780FBEE}.Release|x86.Build.0 = Release|x86
	EndGlobalSection
	GlobalSection(SolutionProperties) = preSolution
		HideSolutionNode = FALSE
	EndGlobalSection
EndGlobal
